filippo.io/edwards25519 v1.1.0 h1:FNf4tywRC1HmFuKW5xopWpigGjJKiJSV0Cqo0cJWDaA=
filippo.io/edwards25519 v1.1.0/go.mod h1:BxyFTGdWcka3PhytdK4V28tE5sGfRvvvRV7EaN4VDT4=
github.com/go-sql-driver/mysql v1.8.1 h1:LedoTUt/eveggdHS9qUFC1EFSa8bU2+1pZjSRpvNJ1Y=
github.com/go-sql-driver/mysql v1.8.1/go.mod h1:wEBSXgmK//2ZFJyE+qWnIsVGmvmEKlqwuVSjsCm7DZg=
github.com/mahmoud-shabban/simpleWebServer/data v0.0.0-20250126192928-ff9e6a28620c h1:S5IPw+0lBz6mE5Osro/zoAN1E30jT6eC2eSAQfnTZJ8=
github.com/mahmoud-shabban/simpleWebServer/data v0.0.0-20250126192928-ff9e6a28620c/go.mod h1:VqUJUFys/lTjEJg8WhZ8Peg7JLN9XkezO9IvFSoTQrY=
